{
    "_meta": {
        "hash": {
            "sha256": "4bb16f57663232e57fb91c3757fb4a3ff2f1a3038a7a2008ca56c3cf5e8a83fb"
        },
        "host-environment-markers": {
            "implementation_name": "cpython",
            "implementation_version": "3.6.3",
            "os_name": "posix",
            "platform_machine": "x86_64",
            "platform_python_implementation": "CPython",
            "platform_release": "4.10.0-40-generic",
            "platform_system": "Linux",
            "platform_version": "#44~16.04.1-Ubuntu SMP Thu Nov 9 15:37:44 UTC 2017",
            "python_full_version": "3.6.3",
            "python_version": "3.6",
            "sys_platform": "linux"
        },
        "pipfile-spec": 2,
        "requires": {
            "python_version": "3.6"
        },
        "sources": [
            {
                "name": "pypi",
                "url": "https://pypi.python.org/simple",
                "verify_ssl": true
            }
        ]
    },
    "default": {
        "antlr4-python3-runtime": {
            "hashes": [
                "sha256:d3328eea32727004dfb764f3063427f7876ce07f9d91dbf7aef663a67ba2f3dd",
                "sha256:df12103a041553807e510f315542d36f48e43bdb9c444c5195ae4247cde799c7"
            ],
            "version": "==4.7"
        },
        "tabulate": {
            "hashes": [
                "sha256:e4ca13f26d0a6be2a2915428dc21e732f1e44dad7f76d7030b2ef1ec251cf7f2"
            ],
            "version": "==0.8.2"
        }
    },
    "develop": {}
}
